
Microsoft Visual Studio Solution File, Format Version 12.00
# Visual Studio Version 16
VisualStudioVersion = 16.0.29102.190
MinimumVisualStudioVersion = 10.0.40219.1
Project("{FAE04EC0-301F-11D3-BF4B-00C04F79EFBC}") = "WebApplicationHi", "WebApplicationHi\WebApplicationHi.csproj", "{681F8FD0-1338-4908-8FCC-BA554C8869CE}"
EndProject
Project("{FAE04EC0-301F-11D3-BF4B-00C04F79EFBC}") = "WebApiTest", "WebApiTest\WebApiTest.csproj", "{86D1630F-0DEB-411D-A705-ABF976C8E09B}"
EndProject
Global
	GlobalSection(SolutionConfigurationPlatforms) = preSolution
		Debug|Any CPU = Debug|Any CPU
		Release|Any CPU = Release|Any CPU
	EndGlobalSection
	GlobalSection(ProjectConfigurationPlatforms) = postSolution
		{681F8FD0-1338-4908-8FCC-BA554C8869CE}.Debug|Any CPU.ActiveCfg = Debug|Any CPU
		{681F8FD0-1338-4908-8FCC-BA554C8869CE}.Debug|Any CPU.Build.0 = Debug|Any CPU
		{681F8FD0-1338-4908-8FCC-BA554C8869CE}.Release|Any CPU.ActiveCfg = Release|Any CPU
		{681F8FD0-1338-4908-8FCC-BA554C8869CE}.Release|Any CPU.Build.0 = Release|Any CPU
		{86D1630F-0DEB-411D-A705-ABF976C8E09B}.Debug|Any CPU.ActiveCfg = Debug|Any CPU
		{86D1630F-0DEB-411D-A705-ABF976C8E09B}.Debug|Any CPU.Build.0 = Debug|Any CPU
		{86D1630F-0DEB-411D-A705-ABF976C8E09B}.Release|Any CPU.ActiveCfg = Release|Any CPU
		{86D1630F-0DEB-411D-A705-ABF976C8E09B}.Release|Any CPU.Build.0 = Release|Any CPU
	EndGlobalSection
	GlobalSection(SolutionProperties) = preSolution
		HideSolutionNode = FALSE
	EndGlobalSection
	GlobalSection(ExtensibilityGlobals) = postSolution
		SolutionGuid = {462C9A0F-1883-47A3-8FC7-E4B631799609}
	EndGlobalSection
EndGlobal
